{
  "name": "google-charts",
  "lockfileVersion": 2,
  "requires": true,
  "packages": {
    "": {
      "dependencies": {
        "@types/google.visualization": "^0.0.68"
      }
    },
    "node_modules/@types/google.visualization": {
      "version": "0.0.68",
      "resolved": "https://registry.npmjs.org/@types/google.visualization/-/google.visualization-0.0.68.tgz",
      "integrity": "sha512-LkLniL1TYykhz+ZdRof3Bi8cp1OhqoK11Tj1RM2bPtGVBNexQ0eRnOrOWcWTdi80Sz9DzJ4JIG2rTlSJBVV58w=="
    }
  },
  "dependencies": {
    "@types/google.visualization": {
      "version": "0.0.68",
      "resolved": "https://registry.npmjs.org/@types/google.visualization/-/google.visualization-0.0.68.tgz",
      "integrity": "sha512-LkLniL1TYykhz+ZdRof3Bi8cp1OhqoK11Tj1RM2bPtGVBNexQ0eRnOrOWcWTdi80Sz9DzJ4JIG2rTlSJBVV58w=="
    }
  }
}
